
Microsoft Visual Studio Solution File, Format Version 12.00
# Visual Studio 15
VisualStudioVersion = 15.0.28307.329
MinimumVisualStudioVersion = 10.0.40219.1
Project("{FAE04EC0-301F-11D3-BF4B-00C04F79EFBC}") = "Audit.Integration.Tests", "Audit.Integration.Tests\Audit.Integration.Tests.csproj", "{01D720DD-E590-4499-88E0-34892772960D}"
EndProject
Global
	GlobalSection(SolutionConfigurationPlatforms) = preSolution
		Debug|Any CPU = Debug|Any CPU
		Release|Any CPU = Release|Any CPU
	EndGlobalSection
	GlobalSection(ProjectConfigurationPlatforms) = postSolution
		{01D720DD-E590-4499-88E0-34892772960D}.Debug|Any CPU.ActiveCfg = Debug|Any CPU
		{01D720DD-E590-4499-88E0-34892772960D}.Debug|Any CPU.Build.0 = Debug|Any CPU
		{01D720DD-E590-4499-88E0-34892772960D}.Release|Any CPU.ActiveCfg = Release|Any CPU
		{01D720DD-E590-4499-88E0-34892772960D}.Release|Any CPU.Build.0 = Release|Any CPU
	EndGlobalSection
	GlobalSection(SolutionProperties) = preSolution
		HideSolutionNode = FALSE
	EndGlobalSection
	GlobalSection(ExtensibilityGlobals) = postSolution
		SolutionGuid = {2DFA2DA3-D889-47EE-A7DF-C77F773928BB}
	EndGlobalSection
EndGlobal
